// !$*UTF8*$!
{
	archiveVersion = 1;
	classes = {
	};
	objectVersion = 56;
	objects = {

/* Begin PBXBuildFile section */
		3B3FEE062BEBC35100C7DEBB /* AppDelegate.swift in Sources */ = {isa = PBXBuildFile; fileRef = 3B3FEE052BEBC35100C7DEBB /* AppDelegate.swift */; };
		3B3FEE082BEBC35100C7DEBB /* SceneDelegate.swift in Sources */ = {isa = PBXBuildFile; fileRef = 3B3FEE072BEBC35100C7DEBB /* SceneDelegate.swift */; };
		3B3FEE0A2BEBC35100C7DEBB /* ViewController.swift in Sources */ = {isa = PBXBuildFile; fileRef = 3B3FEE092BEBC35100C7DEBB /* ViewController.swift */; };
		3B3FEE0D2BEBC35100C7DEBB /* Main.storyboard in Resources */ = {isa = PBXBuildFile; fileRef = 3B3FEE0B2BEBC35100C7DEBB /* Main.storyboard */; };
		3B3FEE0F2BEBC35200C7DEBB /* Assets.xcassets in Resources */ = {isa = PBXBuildFile; fileRef = 3B3FEE0E2BEBC35200C7DEBB /* Assets.xcassets */; };
		3B3FEE122BEBC35200C7DEBB /* LaunchScreen.storyboard in Resources */ = {isa = PBXBuildFile; fileRef = 3B3FEE102BEBC35200C7DEBB /* LaunchScreen.storyboard */; };
		3B3FEE1D2BEBC35200C7DEBB /* SampleTests.swift in Sources */ = {isa = PBXBuildFile; fileRef = 3B3FEE1C2BEBC35200C7DEBB /* SampleTests.swift */; };
		3B3FEE272BEBC35200C7DEBB /* SampleUITests.swift in Sources */ = {isa = PBXBuildFile; fileRef = 3B3FEE262BEBC35200C7DEBB /* SampleUITests.swift */; };
		3B3FEE292BEBC35200C7DEBB /* SampleUITestsLaunchTests.swift in Sources */ = {isa = PBXBuildFile; fileRef = 3B3FEE282BEBC35200C7DEBB /* SampleUITestsLaunchTests.swift */; };
		8E6F2B97D9B419837D4630AC /* Pods_SampleTests.framework in Frameworks */ = {isa = PBXBuildFile; fileRef = 0F8DAB9EB251DD499AAFECAF /* Pods_SampleTests.framework */; };
		C8C2D948D4C8335381F3B412 /* Pods_Sample_SampleUITests.framework in Frameworks */ = {isa = PBXBuildFile; fileRef = 9BFC7AE19798C08444A4A3CB /* Pods_Sample_SampleUITests.framework */; };
		D98EF5B6FBA605CD5E13DE38 /* Pods_Sample.framework in Frameworks */ = {isa = PBXBuildFile; fileRef = F0BAD8340365872E9F8BBCE8 /* Pods_Sample.framework */; };
/* End PBXBuildFile section */

/* Begin PBXContainerItemProxy section */
		3B3FEE192BEBC35200C7DEBB /* PBXContainerItemProxy */ = {
			isa = PBXContainerItemProxy;
			containerPortal = 3B3FEDFA2BEBC35100C7DEBB /* Project object */;
			proxyType = 1;
			remoteGlobalIDString = 3B3FEE012BEBC35100C7DEBB;
			remoteInfo = Sample;
		};
		3B3FEE232BEBC35200C7DEBB /* PBXContainerItemProxy */ = {
			isa = PBXContainerItemProxy;
			containerPortal = 3B3FEDFA2BEBC35100C7DEBB /* Project object */;
			proxyType = 1;
			remoteGlobalIDString = 3B3FEE012BEBC35100C7DEBB;
			remoteInfo = Sample;
		};
/* End PBXContainerItemProxy section */

/* Begin PBXFileReference section */
		0F8DAB9EB251DD499AAFECAF /* Pods_SampleTests.framework */ = {isa = PBXFileReference; explicitFileType = wrapper.framework; includeInIndex = 0; path = Pods_SampleTests.framework; sourceTree = BUILT_PRODUCTS_DIR; };
		3B3FEE022BEBC35100C7DEBB /* Sample.app */ = {isa = PBXFileReference; explicitFileType = wrapper.application; includeInIndex = 0; path = Sample.app; sourceTree = BUILT_PRODUCTS_DIR; };
		3B3FEE052BEBC35100C7DEBB /* AppDelegate.swift */ = {isa = PBXFileReference; lastKnownFileType = sourcecode.swift; path = AppDelegate.swift; sourceTree = "<group>"; };
		3B3FEE072BEBC35100C7DEBB /* SceneDelegate.swift */ = {isa = PBXFileReference; lastKnownFileType = sourcecode.swift; path = SceneDelegate.swift; sourceTree = "<group>"; };
		3B3FEE092BEBC35100C7DEBB /* ViewController.swift */ = {isa = PBXFileReference; lastKnownFileType = sourcecode.swift; path = ViewController.swift; sourceTree = "<group>"; };
		3B3FEE0C2BEBC35100C7DEBB /* Base */ = {isa = PBXFileReference; lastKnownFileType = file.storyboard; name = Base; path = Base.lproj/Main.storyboard; sourceTree = "<group>"; };
		3B3FEE0E2BEBC35200C7DEBB /* Assets.xcassets */ = {isa = PBXFileReference; lastKnownFileType = folder.assetcatalog; path = Assets.xcassets; sourceTree = "<group>"; };
		3B3FEE112BEBC35200C7DEBB /* Base */ = {isa = PBXFileReference; lastKnownFileType = file.storyboard; name = Base; path = Base.lproj/LaunchScreen.storyboard; sourceTree = "<group>"; };
		3B3FEE132BEBC35200C7DEBB /* Info.plist */ = {isa = PBXFileReference; lastKnownFileType = text.plist.xml; path = Info.plist; sourceTree = "<group>"; };
		3B3FEE182BEBC35200C7DEBB /* SampleTests.xctest */ = {isa = PBXFileReference; explicitFileType = wrapper.cfbundle; includeInIndex = 0; path = SampleTests.xctest; sourceTree = BUILT_PRODUCTS_DIR; };
		3B3FEE1C2BEBC35200C7DEBB /* SampleTests.swift */ = {isa = PBXFileReference; lastKnownFileType = sourcecode.swift; path = SampleTests.swift; sourceTree = "<group>"; };
		3B3FEE222BEBC35200C7DEBB /* SampleUITests.xctest */ = {isa = PBXFileReference; explicitFileType = wrapper.cfbundle; includeInIndex = 0; path = SampleUITests.xctest; sourceTree = BUILT_PRODUCTS_DIR; };
		3B3FEE262BEBC35200C7DEBB /* SampleUITests.swift */ = {isa = PBXFileReference; lastKnownFileType = sourcecode.swift; path = SampleUITests.swift; sourceTree = "<group>"; };
		3B3FEE282BEBC35200C7DEBB /* SampleUITestsLaunchTests.swift */ = {isa = PBXFileReference; lastKnownFileType = sourcecode.swift; path = SampleUITestsLaunchTests.swift; sourceTree = "<group>"; };
		6AC91C06190705B7182C9818 /* Pods-Sample.debug.xcconfig */ = {isa = PBXFileReference; includeInIndex = 1; lastKnownFileType = text.xcconfig; name = "Pods-Sample.debug.xcconfig"; path = "Target Support Files/Pods-Sample/Pods-Sample.debug.xcconfig"; sourceTree = "<group>"; };
		6C31F645A4766E0DD39B9EB4 /* Pods-SampleTests.release.xcconfig */ = {isa = PBXFileReference; includeInIndex = 1; lastKnownFileType = text.xcconfig; name = "Pods-SampleTests.release.xcconfig"; path = "Target Support Files/Pods-SampleTests/Pods-SampleTests.release.xcconfig"; sourceTree = "<group>"; };
		881952A39A9F5811A1485D70 /* Pods-SampleTests.debug.xcconfig */ = {isa = PBXFileReference; includeInIndex = 1; lastKnownFileType = text.xcconfig; name = "Pods-SampleTests.debug.xcconfig"; path = "Target Support Files/Pods-SampleTests/Pods-SampleTests.debug.xcconfig"; sourceTree = "<group>"; };
		9A1768FDCB866D5ED3F679DA /* Pods-Sample-SampleUITests.release.xcconfig */ = {isa = PBXFileReference; includeInIndex = 1; lastKnownFileType = text.xcconfig; name = "Pods-Sample-SampleUITests.release.xcconfig"; path = "Target Support Files/Pods-Sample-SampleUITests/Pods-Sample-SampleUITests.release.xcconfig"; sourceTree = "<group>"; };
		9BFC7AE19798C08444A4A3CB /* Pods_Sample_SampleUITests.framework */ = {isa = PBXFileReference; explicitFileType = wrapper.framework; includeInIndex = 0; path = Pods_Sample_SampleUITests.framework; sourceTree = BUILT_PRODUCTS_DIR; };
		C100073C21347C801CBC7664 /* Pods-Sample.release.xcconfig */ = {isa = PBXFileReference; includeInIndex = 1; lastKnownFileType = text.xcconfig; name = "Pods-Sample.release.xcconfig"; path = "Target Support Files/Pods-Sample/Pods-Sample.release.xcconfig"; sourceTree = "<group>"; };
		E38CC949A056B2A6342A5C54 /* Pods-Sample-SampleUITests.debug.xcconfig */ = {isa = PBXFileReference; includeInIndex = 1; lastKnownFileType = text.xcconfig; name = "Pods-Sample-SampleUITests.debug.xcconfig"; path = "Target Support Files/Pods-Sample-SampleUITests/Pods-Sample-SampleUITests.debug.xcconfig"; sourceTree = "<group>"; };
		F0BAD8340365872E9F8BBCE8 /* Pods_Sample.framework */ = {isa = PBXFileReference; explicitFileType = wrapper.framework; includeInIndex = 0; path = Pods_Sample.framework; sourceTree = BUILT_PRODUCTS_DIR; };
/* End PBXFileReference section */

/* Begin PBXFrameworksBuildPhase section */
		3B3FEDFF2BEBC35100C7DEBB /* Frameworks */ = {
			isa = PBXFrameworksBuildPhase;
			buildActionMask = 2147483647;
			files = (
				D98EF5B6FBA605CD5E13DE38 /* Pods_Sample.framework in Frameworks */,
			);
			runOnlyForDeploymentPostprocessing = 0;
		};
		3B3FEE152BEBC35200C7DEBB /* Frameworks */ = {
			isa = PBXFrameworksBuildPhase;
			buildActionMask = 2147483647;
			files = (
				8E6F2B97D9B419837D4630AC /* Pods_SampleTests.framework in Frameworks */,
			);
			runOnlyForDeploymentPostprocessing = 0;
		};
		3B3FEE1F2BEBC35200C7DEBB /* Frameworks */ = {
			isa = PBXFrameworksBuildPhase;
			buildActionMask = 2147483647;
			files = (
				C8C2D948D4C8335381F3B412 /* Pods_Sample_SampleUITests.framework in Frameworks */,
			);
			runOnlyForDeploymentPostprocessing = 0;
		};
/* End PBXFrameworksBuildPhase section */

/* Begin PBXGroup section */
		19752F65D00A7EB1DD9DB521 /* Frameworks */ = {
			isa = PBXGroup;
			children = (
				F0BAD8340365872E9F8BBCE8 /* Pods_Sample.framework */,
				9BFC7AE19798C08444A4A3CB /* Pods_Sample_SampleUITests.framework */,
				0F8DAB9EB251DD499AAFECAF /* Pods_SampleTests.framework */,
			);
			name = Frameworks;
			sourceTree = "<group>";
		};
		3B3FEDF92BEBC35100C7DEBB = {
			isa = PBXGroup;
			children = (
				3B3FEE042BEBC35100C7DEBB /* Sample */,
				3B3FEE1B2BEBC35200C7DEBB /* SampleTests */,
				3B3FEE252BEBC35200C7DEBB /* SampleUITests */,
				3B3FEE032BEBC35100C7DEBB /* Products */,
				866CE0276349D6D65E8BFDD1 /* Pods */,
				19752F65D00A7EB1DD9DB521 /* Frameworks */,
			);
			sourceTree = "<group>";
		};
		3B3FEE032BEBC35100C7DEBB /* Products */ = {
			isa = PBXGroup;
			children = (
				3B3FEE022BEBC35100C7DEBB /* Sample.app */,
				3B3FEE182BEBC35200C7DEBB /* SampleTests.xctest */,
				3B3FEE222BEBC35200C7DEBB /* SampleUITests.xctest */,
			);
			name = Products;
			sourceTree = "<group>";
		};
		3B3FEE042BEBC35100C7DEBB /* Sample */ = {
			isa = PBXGroup;
			children = (
				3B3FEE052BEBC35100C7DEBB /* AppDelegate.swift */,
				3B3FEE072BEBC35100C7DEBB /* SceneDelegate.swift */,
				3B3FEE092BEBC35100C7DEBB /* ViewController.swift */,
				3B3FEE0B2BEBC35100C7DEBB /* Main.storyboard */,
				3B3FEE0E2BEBC35200C7DEBB /* Assets.xcassets */,
				3B3FEE102BEBC35200C7DEBB /* LaunchScreen.storyboard */,
				3B3FEE132BEBC35200C7DEBB /* Info.plist */,
			);
			path = Sample;
			sourceTree = "<group>";
		};
		3B3FEE1B2BEBC35200C7DEBB /* SampleTests */ = {
			isa = PBXGroup;
			children = (
				3B3FEE1C2BEBC35200C7DEBB /* SampleTests.swift */,
			);
			path = SampleTests;
			sourceTree = "<group>";
		};
		3B3FEE252BEBC35200C7DEBB /* SampleUITests */ = {
			isa = PBXGroup;
			children = (
				3B3FEE262BEBC35200C7DEBB /* SampleUITests.swift */,
				3B3FEE282BEBC35200C7DEBB /* SampleUITestsLaunchTests.swift */,
			);
			path = SampleUITests;
			sourceTree = "<group>";
		};
		866CE0276349D6D65E8BFDD1 /* Pods */ = {
			isa = PBXGroup;
			children = (
				6AC91C06190705B7182C9818 /* Pods-Sample.debug.xcconfig */,
				C100073C21347C801CBC7664 /* Pods-Sample.release.xcconfig */,
				E38CC949A056B2A6342A5C54 /* Pods-Sample-SampleUITests.debug.xcconfig */,
				9A1768FDCB866D5ED3F679DA /* Pods-Sample-SampleUITests.release.xcconfig */,
				881952A39A9F5811A1485D70 /* Pods-SampleTests.debug.xcconfig */,
				6C31F645A4766E0DD39B9EB4 /* Pods-SampleTests.release.xcconfig */,
			);
			name = Pods;
			path = Pods;
			sourceTree = "<group>";
		};
/* End PBXGroup section */

/* Begin PBXNativeTarget section */
		3B3FEE012BEBC35100C7DEBB /* Sample */ = {
			isa = PBXNativeTarget;
			buildConfigurationList = 3B3FEE2C2BEBC35200C7DEBB /* Build configuration list for PBXNativeTarget "Sample" */;
			buildPhases = (
				0F8927D287C5D300717C4141 /* [CP] Check Pods Manifest.lock */,
				3B3FEDFE2BEBC35100C7DEBB /* Sources */,
				3B3FEDFF2BEBC35100C7DEBB /* Frameworks */,
				3B3FEE002BEBC35100C7DEBB /* Resources */,
				B807DE81C933C9DAB9D4D499 /* [CP] Embed Pods Frameworks */,
			);
			buildRules = (
			);
			dependencies = (
			);
			name = Sample;
			productName = Sample;
			productReference = 3B3FEE022BEBC35100C7DEBB /* Sample.app */;
			productType = "com.apple.product-type.application";
		};
		3B3FEE172BEBC35200C7DEBB /* SampleTests */ = {
			isa = PBXNativeTarget;
			buildConfigurationList = 3B3FEE2F2BEBC35200C7DEBB /* Build configuration list for PBXNativeTarget "SampleTests" */;
			buildPhases = (
				598E2612DE9995EE8AD687B8 /* [CP] Check Pods Manifest.lock */,
				3B3FEE142BEBC35200C7DEBB /* Sources */,
				3B3FEE152BEBC35200C7DEBB /* Frameworks */,
				3B3FEE162BEBC35200C7DEBB /* Resources */,
			);
			buildRules = (
			);
			dependencies = (
				3B3FEE1A2BEBC35200C7DEBB /* PBXTargetDependency */,
			);
			name = SampleTests;
			productName = SampleTests;
			productReference = 3B3FEE182BEBC35200C7DEBB /* SampleTests.xctest */;
			productType = "com.apple.product-type.bundle.unit-test";
		};
		3B3FEE212BEBC35200C7DEBB /* SampleUITests */ = {
			isa = PBXNativeTarget;
			buildConfigurationList = 3B3FEE322BEBC35200C7DEBB /* Build configuration list for PBXNativeTarget "SampleUITests" */;
			buildPhases = (
				F6865D066868362E4A5E2860 /* [CP] Check Pods Manifest.lock */,
				3B3FEE1E2BEBC35200C7DEBB /* Sources */,
				3B3FEE1F2BEBC35200C7DEBB /* Frameworks */,
				3B3FEE202BEBC35200C7DEBB /* Resources */,
				35A85333CB6C511B1B64CC93 /* [CP] Embed Pods Frameworks */,
			);
			buildRules = (
			);
			dependencies = (
				3B3FEE242BEBC35200C7DEBB /* PBXTargetDependency */,
			);
			name = SampleUITests;
			productName = SampleUITests;
			productReference = 3B3FEE222BEBC35200C7DEBB /* SampleUITests.xctest */;
			productType = "com.apple.product-type.bundle.ui-testing";
		};
/* End PBXNativeTarget section */

/* Begin PBXProject section */
		3B3FEDFA2BEBC35100C7DEBB /* Project object */ = {
			isa = PBXProject;
			attributes = {
				BuildIndependentTargetsInParallel = 1;
				LastSwiftUpdateCheck = 1420;
				LastUpgradeCheck = 1420;
				TargetAttributes = {
					3B3FEE012BEBC35100C7DEBB = {
						CreatedOnToolsVersion = 14.2;
					};
					3B3FEE172BEBC35200C7DEBB = {
						CreatedOnToolsVersion = 14.2;
						TestTargetID = 3B3FEE012BEBC35100C7DEBB;
					};
					3B3FEE212BEBC35200C7DEBB = {
						CreatedOnToolsVersion = 14.2;
						TestTargetID = 3B3FEE012BEBC35100C7DEBB;
					};
				};
			};
			buildConfigurationList = 3B3FEDFD2BEBC35100C7DEBB /* Build configuration list for PBXProject "Sample" */;
			compatibilityVersion = "Xcode 14.0";
			developmentRegion = en;
			hasScannedForEncodings = 0;
			knownRegions = (
				en,
				Base,
			);
			mainGroup = 3B3FEDF92BEBC35100C7DEBB;
			productRefGroup = 3B3FEE032BEBC35100C7DEBB /* Products */;
			projectDirPath = "";
			projectRoot = "";
			targets = (
				3B3FEE012BEBC35100C7DEBB /* Sample */,
				3B3FEE172BEBC35200C7DEBB /* SampleTests */,
				3B3FEE212BEBC35200C7DEBB /* SampleUITests */,
			);
		};
/* End PBXProject section */

/* Begin PBXResourcesBuildPhase section */
		3B3FEE002BEBC35100C7DEBB /* Resources */ = {
			isa = PBXResourcesBuildPhase;
			buildActionMask = 2147483647;
			files = (
				3B3FEE122BEBC35200C7DEBB /* LaunchScreen.storyboard in Resources */,
				3B3FEE0F2BEBC35200C7DEBB /* Assets.xcassets in Resources */,
				3B3FEE0D2BEBC35100C7DEBB /* Main.storyboard in Resources */,
			);
			runOnlyForDeploymentPostprocessing = 0;
		};
		3B3FEE162BEBC35200C7DEBB /* Resources */ = {
			isa = PBXResourcesBuildPhase;
			buildActionMask = 2147483647;
			files = (
			);
			runOnlyForDeploymentPostprocessing = 0;
		};
		3B3FEE202BEBC35200C7DEBB /* Resources */ = {
			isa = PBXResourcesBuildPhase;
			buildActionMask = 2147483647;
			files = (
			);
			runOnlyForDeploymentPostprocessing = 0;
		};
/* End PBXResourcesBuildPhase section */

/* Begin PBXShellScriptBuildPhase section */
		0F8927D287C5D300717C4141 /* [CP] Check Pods Manifest.lock */ = {
			isa = PBXShellScriptBuildPhase;
			buildActionMask = 2147483647;
			files = (
			);
			inputFileListPaths = (
			);
			inputPaths = (
				"${PODS_PODFILE_DIR_PATH}/Podfile.lock",
				"${PODS_ROOT}/Manifest.lock",
			);
			name = "[CP] Check Pods Manifest.lock";
			outputFileListPaths = (
			);
			outputPaths = (
				"$(DERIVED_FILE_DIR)/Pods-Sample-checkManifestLockResult.txt",
			);
			runOnlyForDeploymentPostprocessing = 0;
			shellPath = /bin/sh;
			shellScript = "diff \"${PODS_PODFILE_DIR_PATH}/Podfile.lock\" \"${PODS_ROOT}/Manifest.lock\" > /dev/null\nif [ $? != 0 ] ; then\n    # print error to STDERR\n    echo \"error: The sandbox is not in sync with the Podfile.lock. Run 'pod install' or update your CocoaPods installation.\" >&2\n    exit 1\nfi\n# This output is used by Xcode 'outputs' to avoid re-running this script phase.\necho \"SUCCESS\" > \"${SCRIPT_OUTPUT_FILE_0}\"\n";
			showEnvVarsInLog = 0;
		};
		35A85333CB6C511B1B64CC93 /* [CP] Embed Pods Frameworks */ = {
			isa = PBXShellScriptBuildPhase;
			buildActionMask = 2147483647;
			files = (
			);
			inputFileListPaths = (
				"${PODS_ROOT}/Target Support Files/Pods-Sample-SampleUITests/Pods-Sample-SampleUITests-frameworks-${CONFIGURATION}-input-files.xcfilelist",
			);
			name = "[CP] Embed Pods Frameworks";
			outputFileListPaths = (
				"${PODS_ROOT}/Target Support Files/Pods-Sample-SampleUITests/Pods-Sample-SampleUITests-frameworks-${CONFIGURATION}-output-files.xcfilelist",
			);
			runOnlyForDeploymentPostprocessing = 0;
			shellPath = /bin/sh;
			shellScript = "\"${PODS_ROOT}/Target Support Files/Pods-Sample-SampleUITests/Pods-Sample-SampleUITests-frameworks.sh\"\n";
			showEnvVarsInLog = 0;
		};
		598E2612DE9995EE8AD687B8 /* [CP] Check Pods Manifest.lock */ = {
			isa = PBXShellScriptBuildPhase;
			buildActionMask = 2147483647;
			files = (
			);
			inputFileListPaths = (
			);
			inputPaths = (
				"${PODS_PODFILE_DIR_PATH}/Podfile.lock",
				"${PODS_ROOT}/Manifest.lock",
			);
			name = "[CP] Check Pods Manifest.lock";
			outputFileListPaths = (
			);
			outputPaths = (
				"$(DERIVED_FILE_DIR)/Pods-SampleTests-checkManifestLockResult.txt",
			);
			runOnlyForDeploymentPostprocessing = 0;
			shellPath = /bin/sh;
			shellScript = "diff \"${PODS_PODFILE_DIR_PATH}/Podfile.lock\" \"${PODS_ROOT}/Manifest.lock\" > /dev/null\nif [ $? != 0 ] ; then\n    # print error to STDERR\n    echo \"error: The sandbox is not in sync with the Podfile.lock. Run 'pod install' or update your CocoaPods installation.\" >&2\n    exit 1\nfi\n# This output is used by Xcode 'outputs' to avoid re-running this script phase.\necho \"SUCCESS\" > \"${SCRIPT_OUTPUT_FILE_0}\"\n";
			showEnvVarsInLog = 0;
		};
		B807DE81C933C9DAB9D4D499 /* [CP] Embed Pods Frameworks */ = {
			isa = PBXShellScriptBuildPhase;
			buildActionMask = 2147483647;
			files = (
			);
			inputFileListPaths = (
				"${PODS_ROOT}/Target Support Files/Pods-Sample/Pods-Sample-frameworks-${CONFIGURATION}-input-files.xcfilelist",
			);
			name = "[CP] Embed Pods Frameworks";
			outputFileListPaths = (
				"${PODS_ROOT}/Target Support Files/Pods-Sample/Pods-Sample-frameworks-${CONFIGURATION}-output-files.xcfilelist",
			);
			runOnlyForDeploymentPostprocessing = 0;
			shellPath = /bin/sh;
			shellScript = "\"${PODS_ROOT}/Target Support Files/Pods-Sample/Pods-Sample-frameworks.sh\"\n";
			showEnvVarsInLog = 0;
		};
		F6865D066868362E4A5E2860 /* [CP] Check Pods Manifest.lock */ = {
			isa = PBXShellScriptBuildPhase;
			buildActionMask = 2147483647;
			files = (
			);
			inputFileListPaths = (
			);
			inputPaths = (
				"${PODS_PODFILE_DIR_PATH}/Podfile.lock",
				"${PODS_ROOT}/Manifest.lock",
			);
			name = "[CP] Check Pods Manifest.lock";
			outputFileListPaths = (
			);
			outputPaths = (
				"$(DERIVED_FILE_DIR)/Pods-Sample-SampleUITests-checkManifestLockResult.txt",
			);
			runOnlyForDeploymentPostprocessing = 0;
			shellPath = /bin/sh;
			shellScript = "diff \"${PODS_PODFILE_DIR_PATH}/Podfile.lock\" \"${PODS_ROOT}/Manifest.lock\" > /dev/null\nif [ $? != 0 ] ; then\n    # print error to STDERR\n    echo \"error: The sandbox is not in sync with the Podfile.lock. Run 'pod install' or update your CocoaPods installation.\" >&2\n    exit 1\nfi\n# This output is used by Xcode 'outputs' to avoid re-running this script phase.\necho \"SUCCESS\" > \"${SCRIPT_OUTPUT_FILE_0}\"\n";
			showEnvVarsInLog = 0;
		};
/* End PBXShellScriptBuildPhase section */

/* Begin PBXSourcesBuildPhase section */
		3B3FEDFE2BEBC35100C7DEBB /* Sources */ = {
			isa = PBXSourcesBuildPhase;
			buildActionMask = 2147483647;
			files = (
				3B3FEE0A2BEBC35100C7DEBB /* ViewController.swift in Sources */,
				3B3FEE062BEBC35100C7DEBB /* AppDelegate.swift in Sources */,
				3B3FEE082BEBC35100C7DEBB /* SceneDelegate.swift in Sources */,
			);
			runOnlyForDeploymentPostprocessing = 0;
		};
		3B3FEE142BEBC35200C7DEBB /* Sources */ = {
			isa = PBXSourcesBuildPhase;
			buildActionMask = 2147483647;
			files = (
				3B3FEE1D2BEBC35200C7DEBB /* SampleTests.swift in Sources */,
			);
			runOnlyForDeploymentPostprocessing = 0;
		};
		3B3FEE1E2BEBC35200C7DEBB /* Sources */ = {
			isa = PBXSourcesBuildPhase;
			buildActionMask = 2147483647;
			files = (
				3B3FEE292BEBC35200C7DEBB /* SampleUITestsLaunchTests.swift in Sources */,
				3B3FEE272BEBC35200C7DEBB /* SampleUITests.swift in Sources */,
			);
			runOnlyForDeploymentPostprocessing = 0;
		};
/* End PBXSourcesBuildPhase section */

/* Begin PBXTargetDependency section */
		3B3FEE1A2BEBC35200C7DEBB /* PBXTargetDependency */ = {
			isa = PBXTargetDependency;
			target = 3B3FEE012BEBC35100C7DEBB /* Sample */;
			targetProxy = 3B3FEE192BEBC35200C7DEBB /* PBXContainerItemProxy */;
		};
		3B3FEE242BEBC35200C7DEBB /* PBXTargetDependency */ = {
			isa = PBXTargetDependency;
			target = 3B3FEE012BEBC35100C7DEBB /* Sample */;
			targetProxy = 3B3FEE232BEBC35200C7DEBB /* PBXContainerItemProxy */;
		};
/* End PBXTargetDependency section */

/* Begin PBXVariantGroup section */
		3B3FEE0B2BEBC35100C7DEBB /* Main.storyboard */ = {
			isa = PBXVariantGroup;
			children = (
				3B3FEE0C2BEBC35100C7DEBB /* Base */,
			);
			name = Main.storyboard;
			sourceTree = "<group>";
		};
		3B3FEE102BEBC35200C7DEBB /* LaunchScreen.storyboard */ = {
			isa = PBXVariantGroup;
			children = (
				3B3FEE112BEBC35200C7DEBB /* Base */,
			);
			name = LaunchScreen.storyboard;
			sourceTree = "<group>";
		};
/* End PBXVariantGroup section */

/* Begin XCBuildConfiguration section */
		3B3FEE2A2BEBC35200C7DEBB /* Debug */ = {
			isa = XCBuildConfiguration;
			buildSettings = {
				ALWAYS_SEARCH_USER_PATHS = NO;
				CLANG_ANALYZER_NONNULL = YES;
				CLANG_ANALYZER_NUMBER_OBJECT_CONVERSION = YES_AGGRESSIVE;
				CLANG_CXX_LANGUAGE_STANDARD = "gnu++20";
				CLANG_ENABLE_MODULES = YES;
				CLANG_ENABLE_OBJC_ARC = YES;
				CLANG_ENABLE_OBJC_WEAK = YES;
				CLANG_WARN_BLOCK_CAPTURE_AUTORELEASING = YES;
				CLANG_WARN_BOOL_CONVERSION = YES;
				CLANG_WARN_COMMA = YES;
				CLANG_WARN_CONSTANT_CONVERSION = YES;
				CLANG_WARN_DEPRECATED_OBJC_IMPLEMENTATIONS = YES;
				CLANG_WARN_DIRECT_OBJC_ISA_USAGE = YES_ERROR;
				CLANG_WARN_DOCUMENTATION_COMMENTS = YES;
				CLANG_WARN_EMPTY_BODY = YES;
				CLANG_WARN_ENUM_CONVERSION = YES;
				CLANG_WARN_INFINITE_RECURSION = YES;
				CLANG_WARN_INT_CONVERSION = YES;
				CLANG_WARN_NON_LITERAL_NULL_CONVERSION = YES;
				CLANG_WARN_OBJC_IMPLICIT_RETAIN_SELF = YES;
				CLANG_WARN_OBJC_LITERAL_CONVERSION = YES;
				CLANG_WARN_OBJC_ROOT_CLASS = YES_ERROR;
				CLANG_WARN_QUOTED_INCLUDE_IN_FRAMEWORK_HEADER = YES;
				CLANG_WARN_RANGE_LOOP_ANALYSIS = YES;
				CLANG_WARN_STRICT_PROTOTYPES = YES;
				CLANG_WARN_SUSPICIOUS_MOVE = YES;
				CLANG_WARN_UNGUARDED_AVAILABILITY = YES_AGGRESSIVE;
				CLANG_WARN_UNREACHABLE_CODE = YES;
				CLANG_WARN__DUPLICATE_METHOD_MATCH = YES;
				COPY_PHASE_STRIP = NO;
				DEBUG_INFORMATION_FORMAT = dwarf;
				ENABLE_STRICT_OBJC_MSGSEND = YES;
				ENABLE_TESTABILITY = YES;
				GCC_C_LANGUAGE_STANDARD = gnu11;
				GCC_DYNAMIC_NO_PIC = NO;
				GCC_NO_COMMON_BLOCKS = YES;
				GCC_OPTIMIZATION_LEVEL = 0;
				GCC_PREPROCESSOR_DEFINITIONS = (
					"DEBUG=1",
					"$(inherited)",
				);
				GCC_WARN_64_TO_32_BIT_CONVERSION = YES;
				GCC_WARN_ABOUT_RETURN_TYPE = YES_ERROR;
				GCC_WARN_UNDECLARED_SELECTOR = YES;
				GCC_WARN_UNINITIALIZED_AUTOS = YES_AGGRESSIVE;
				GCC_WARN_UNUSED_FUNCTION = YES;
				GCC_WARN_UNUSED_VARIABLE = YES;
				IPHONEOS_DEPLOYMENT_TARGET = 16.2;
				MTL_ENABLE_DEBUG_INFO = INCLUDE_SOURCE;
				MTL_FAST_MATH = YES;
				ONLY_ACTIVE_ARCH = YES;
				SDKROOT = iphoneos;
				SWIFT_ACTIVE_COMPILATION_CONDITIONS = DEBUG;
				SWIFT_OPTIMIZATION_LEVEL = "-Onone";
			};
			name = Debug;
		};
		3B3FEE2B2BEBC35200C7DEBB /* Release */ = {
			isa = XCBuildConfiguration;
			buildSettings = {
				ALWAYS_SEARCH_USER_PATHS = NO;
				CLANG_ANALYZER_NONNULL = YES;
				CLANG_ANALYZER_NUMBER_OBJECT_CONVERSION = YES_AGGRESSIVE;
				CLANG_CXX_LANGUAGE_STANDARD = "gnu++20";
				CLANG_ENABLE_MODULES = YES;
				CLANG_ENABLE_OBJC_ARC = YES;
				CLANG_ENABLE_OBJC_WEAK = YES;
				CLANG_WARN_BLOCK_CAPTURE_AUTORELEASING = YES;
				CLANG_WARN_BOOL_CONVERSION = YES;
				CLANG_WARN_COMMA = YES;
				CLANG_WARN_CONSTANT_CONVERSION = YES;
				CLANG_WARN_DEPRECATED_OBJC_IMPLEMENTATIONS = YES;
				CLANG_WARN_DIRECT_OBJC_ISA_USAGE = YES_ERROR;
				CLANG_WARN_DOCUMENTATION_COMMENTS = YES;
				CLANG_WARN_EMPTY_BODY = YES;
				CLANG_WARN_ENUM_CONVERSION = YES;
				CLANG_WARN_INFINITE_RECURSION = YES;
				CLANG_WARN_INT_CONVERSION = YES;
				CLANG_WARN_NON_LITERAL_NULL_CONVERSION = YES;
				CLANG_WARN_OBJC_IMPLICIT_RETAIN_SELF = YES;
				CLANG_WARN_OBJC_LITERAL_CONVERSION = YES;
				CLANG_WARN_OBJC_ROOT_CLASS = YES_ERROR;
				CLANG_WARN_QUOTED_INCLUDE_IN_FRAMEWORK_HEADER = YES;
				CLANG_WARN_RANGE_LOOP_ANALYSIS = YES;
				CLANG_WARN_STRICT_PROTOTYPES = YES;
				CLANG_WARN_SUSPICIOUS_MOVE = YES;
				CLANG_WARN_UNGUARDED_AVAILABILITY = YES_AGGRESSIVE;
				CLANG_WARN_UNREACHABLE_CODE = YES;
				CLANG_WARN__DUPLICATE_METHOD_MATCH = YES;
				COPY_PHASE_STRIP = NO;
				DEBUG_INFORMATION_FORMAT = "dwarf-with-dsym";
				ENABLE_NS_ASSERTIONS = NO;
				ENABLE_STRICT_OBJC_MSGSEND = YES;
				GCC_C_LANGUAGE_STANDARD = gnu11;
				GCC_NO_COMMON_BLOCKS = YES;
				GCC_WARN_64_TO_32_BIT_CONVERSION = YES;
				GCC_WARN_ABOUT_RETURN_TYPE = YES_ERROR;
				GCC_WARN_UNDECLARED_SELECTOR = YES;
				GCC_WARN_UNINITIALIZED_AUTOS = YES_AGGRESSIVE;
				GCC_WARN_UNUSED_FUNCTION = YES;
				GCC_WARN_UNUSED_VARIABLE = YES;
				IPHONEOS_DEPLOYMENT_TARGET = 16.2;
				MTL_ENABLE_DEBUG_INFO = NO;
				MTL_FAST_MATH = YES;
				SDKROOT = iphoneos;
				SWIFT_COMPILATION_MODE = wholemodule;
				SWIFT_OPTIMIZATION_LEVEL = "-O";
				VALIDATE_PRODUCT = YES;
			};
			name = Release;
		};
		3B3FEE2D2BEBC35200C7DEBB /* Debug */ = {
			isa = XCBuildConfiguration;
			baseConfigurationReference = 6AC91C06190705B7182C9818 /* Pods-Sample.debug.xcconfig */;
			buildSettings = {
				ASSETCATALOG_COMPILER_APPICON_NAME = AppIcon;
				ASSETCATALOG_COMPILER_GLOBAL_ACCENT_COLOR_NAME = AccentColor;
				CODE_SIGN_STYLE = Automatic;
				CURRENT_PROJECT_VERSION = 1;
				DEVELOPMENT_TEAM = QJP7Y6C4XR;
				GENERATE_INFOPLIST_FILE = YES;
				INFOPLIST_FILE = Sample/Info.plist;
				INFOPLIST_KEY_UIApplicationSupportsIndirectInputEvents = YES;
				INFOPLIST_KEY_UILaunchStoryboardName = LaunchScreen;
				INFOPLIST_KEY_UIMainStoryboardFile = Main;
				INFOPLIST_KEY_UISupportedInterfaceOrientations_iPad = "UIInterfaceOrientationPortrait UIInterfaceOrientationPortraitUpsideDown UIInterfaceOrientationLandscapeLeft UIInterfaceOrientationLandscapeRight";
				INFOPLIST_KEY_UISupportedInterfaceOrientations_iPhone = "UIInterfaceOrientationPortrait UIInterfaceOrientationLandscapeLeft UIInterfaceOrientationLandscapeRight";
				LD_RUNPATH_SEARCH_PATHS = (
					"$(inherited)",
					"@executable_path/Frameworks",
				);
				MARKETING_VERSION = 1.0;
				PRODUCT_BUNDLE_IDENTIFIER = com.prem.Sample;
				PRODUCT_NAME = "$(TARGET_NAME)";
				SWIFT_EMIT_LOC_STRINGS = YES;
				SWIFT_VERSION = 5.0;
				TARGETED_DEVICE_FAMILY = "1,2";
			};
			name = Debug;
		};
		3B3FEE2E2BEBC35200C7DEBB /* Release */ = {
			isa = XCBuildConfiguration;
			baseConfigurationReference = C100073C21347C801CBC7664 /* Pods-Sample.release.xcconfig */;
			buildSettings = {
				ASSETCATALOG_COMPILER_APPICON_NAME = AppIcon;
				ASSETCATALOG_COMPILER_GLOBAL_ACCENT_COLOR_NAME = AccentColor;
				CODE_SIGN_STYLE = Automatic;
				CURRENT_PROJECT_VERSION = 1;
				DEVELOPMENT_TEAM = QJP7Y6C4XR;
				GENERATE_INFOPLIST_FILE = YES;
				INFOPLIST_FILE = Sample/Info.plist;
				INFOPLIST_KEY_UIApplicationSupportsIndirectInputEvents = YES;
				INFOPLIST_KEY_UILaunchStoryboardName = LaunchScreen;
				INFOPLIST_KEY_UIMainStoryboardFile = Main;
				INFOPLIST_KEY_UISupportedInterfaceOrientations_iPad = "UIInterfaceOrientationPortrait UIInterfaceOrientationPortraitUpsideDown UIInterfaceOrientationLandscapeLeft UIInterfaceOrientationLandscapeRight";
				INFOPLIST_KEY_UISupportedInterfaceOrientations_iPhone = "UIInterfaceOrientationPortrait UIInterfaceOrientationLandscapeLeft UIInterfaceOrientationLandscapeRight";
				LD_RUNPATH_SEARCH_PATHS = (
					"$(inherited)",
					"@executable_path/Frameworks",
				);
				MARKETING_VERSION = 1.0;
				PRODUCT_BUNDLE_IDENTIFIER = com.prem.Sample;
				PRODUCT_NAME = "$(TARGET_NAME)";
				SWIFT_EMIT_LOC_STRINGS = YES;
				SWIFT_VERSION = 5.0;
				TARGETED_DEVICE_FAMILY = "1,2";
			};
			name = Release;
		};
		3B3FEE302BEBC35200C7DEBB /* Debug */ = {
			isa = XCBuildConfiguration;
			baseConfigurationReference = 881952A39A9F5811A1485D70 /* Pods-SampleTests.debug.xcconfig */;
			buildSettings = {
				ALWAYS_EMBED_SWIFT_STANDARD_LIBRARIES = YES;
				BUNDLE_LOADER = "$(TEST_HOST)";
				CODE_SIGN_STYLE = Automatic;
				CURRENT_PROJECT_VERSION = 1;
				DEVELOPMENT_TEAM = QJP7Y6C4XR;
				GENERATE_INFOPLIST_FILE = YES;
				IPHONEOS_DEPLOYMENT_TARGET = 16.2;
				MARKETING_VERSION = 1.0;
				PRODUCT_BUNDLE_IDENTIFIER = com.prem.SampleTests;
				PRODUCT_NAME = "$(TARGET_NAME)";
				SWIFT_EMIT_LOC_STRINGS = NO;
				SWIFT_VERSION = 5.0;
				TARGETED_DEVICE_FAMILY = "1,2";
				TEST_HOST = "$(BUILT_PRODUCTS_DIR)/Sample.app/$(BUNDLE_EXECUTABLE_FOLDER_PATH)/Sample";
			};
			name = Debug;
		};
		3B3FEE312BEBC35200C7DEBB /* Release */ = {
			isa = XCBuildConfiguration;
			baseConfigurationReference = 6C31F645A4766E0DD39B9EB4 /* Pods-SampleTests.release.xcconfig */;
			buildSettings = {
				ALWAYS_EMBED_SWIFT_STANDARD_LIBRARIES = YES;
				BUNDLE_LOADER = "$(TEST_HOST)";
				CODE_SIGN_STYLE = Automatic;
				CURRENT_PROJECT_VERSION = 1;
				DEVELOPMENT_TEAM = QJP7Y6C4XR;
				GENERATE_INFOPLIST_FILE = YES;
				IPHONEOS_DEPLOYMENT_TARGET = 16.2;
				MARKETING_VERSION = 1.0;
				PRODUCT_BUNDLE_IDENTIFIER = com.prem.SampleTests;
				PRODUCT_NAME = "$(TARGET_NAME)";
				SWIFT_EMIT_LOC_STRINGS = NO;
				SWIFT_VERSION = 5.0;
				TARGETED_DEVICE_FAMILY = "1,2";
				TEST_HOST = "$(BUILT_PRODUCTS_DIR)/Sample.app/$(BUNDLE_EXECUTABLE_FOLDER_PATH)/Sample";
			};
			name = Release;
		};
		3B3FEE332BEBC35200C7DEBB /* Debug */ = {
			isa = XCBuildConfiguration;
			baseConfigurationReference = E38CC949A056B2A6342A5C54 /* Pods-Sample-SampleUITests.debug.xcconfig */;
			buildSettings = {
				ALWAYS_EMBED_SWIFT_STANDARD_LIBRARIES = YES;
				CODE_SIGN_STYLE = Automatic;
				CURRENT_PROJECT_VERSION = 1;
				DEVELOPMENT_TEAM = QJP7Y6C4XR;
				GENERATE_INFOPLIST_FILE = YES;
				MARKETING_VERSION = 1.0;
				PRODUCT_BUNDLE_IDENTIFIER = com.prem.SampleUITests;
				PRODUCT_NAME = "$(TARGET_NAME)";
				SWIFT_EMIT_LOC_STRINGS = NO;
				SWIFT_VERSION = 5.0;
				TARGETED_DEVICE_FAMILY = "1,2";
				TEST_TARGET_NAME = Sample;
			};
			name = Debug;
		};
		3B3FEE342BEBC35200C7DEBB /* Release */ = {
			isa = XCBuildConfiguration;
			baseConfigurationReference = 9A1768FDCB866D5ED3F679DA /* Pods-Sample-SampleUITests.release.xcconfig */;
			buildSettings = {
				ALWAYS_EMBED_SWIFT_STANDARD_LIBRARIES = YES;
				CODE_SIGN_STYLE = Automatic;
				CURRENT_PROJECT_VERSION = 1;
				DEVELOPMENT_TEAM = QJP7Y6C4XR;
				GENERATE_INFOPLIST_FILE = YES;
				MARKETING_VERSION = 1.0;
				PRODUCT_BUNDLE_IDENTIFIER = com.prem.SampleUITests;
				PRODUCT_NAME = "$(TARGET_NAME)";
				SWIFT_EMIT_LOC_STRINGS = NO;
				SWIFT_VERSION = 5.0;
				TARGETED_DEVICE_FAMILY = "1,2";
				TEST_TARGET_NAME = Sample;
			};
			name = Release;
		};
/* End XCBuildConfiguration section */

/* Begin XCConfigurationList section */
		3B3FEDFD2BEBC35100C7DEBB /* Build configuration list for PBXProject "Sample" */ = {
			isa = XCConfigurationList;
			buildConfigurations = (
				3B3FEE2A2BEBC35200C7DEBB /* Debug */,
				3B3FEE2B2BEBC35200C7DEBB /* Release */,
			);
			defaultConfigurationIsVisible = 0;
			defaultConfigurationName = Release;
		};
		3B3FEE2C2BEBC35200C7DEBB /* Build configuration list for PBXNativeTarget "Sample" */ = {
			isa = XCConfigurationList;
			buildConfigurations = (
				3B3FEE2D2BEBC35200C7DEBB /* Debug */,
				3B3FEE2E2BEBC35200C7DEBB /* Release */,
			);
			defaultConfigurationIsVisible = 0;
			defaultConfigurationName = Release;
		};
		3B3FEE2F2BEBC35200C7DEBB /* Build configuration list for PBXNativeTarget "SampleTests" */ = {
			isa = XCConfigurationList;
			buildConfigurations = (
				3B3FEE302BEBC35200C7DEBB /* Debug */,
				3B3FEE312BEBC35200C7DEBB /* Release */,
			);
			defaultConfigurationIsVisible = 0;
			defaultConfigurationName = Release;
		};
		3B3FEE322BEBC35200C7DEBB /* Build configuration list for PBXNativeTarget "SampleUITests" */ = {
			isa = XCConfigurationList;
			buildConfigurations = (
				3B3FEE332BEBC35200C7DEBB /* Debug */,
				3B3FEE342BEBC35200C7DEBB /* Release */,
			);
			defaultConfigurationIsVisible = 0;
			defaultConfigurationName = Release;
		};
/* End XCConfigurationList section */
	};
	rootObject = 3B3FEDFA2BEBC35100C7DEBB /* Project object */;
}
